// !$*UTF8*$!
{
	archiveVersion = 1;
	classes = {
	};
	objectVersion = 50;
	objects = {

/* Begin PBXBuildFile section */
		2B9ABB7426982D5D00891B0C /* WeatherInfoType.swift in Sources */ = {isa = PBXBuildFile; fileRef = 2B9ABB7326982D5D00891B0C /* WeatherInfoType.swift */; };
		2B9ABB7626982E7100891B0C /* WeatherSummaryCell.swift in Sources */ = {isa = PBXBuildFile; fileRef = 2B9ABB7526982E7100891B0C /* WeatherSummaryCell.swift */; };
		2B9ABB7826982E7E00891B0C /* WeatherInfoCell.swift in Sources */ = {isa = PBXBuildFile; fileRef = 2B9ABB7726982E7E00891B0C /* WeatherInfoCell.swift */; };
		CEC20D062696DA9D00A23D31 /* AppDelegate.swift in Sources */ = {isa = PBXBuildFile; fileRef = CEC20D052696DA9D00A23D31 /* AppDelegate.swift */; };
		CEC20D082696DA9D00A23D31 /* SceneDelegate.swift in Sources */ = {isa = PBXBuildFile; fileRef = CEC20D072696DA9D00A23D31 /* SceneDelegate.swift */; };
		CEC20D0A2696DA9D00A23D31 /* WeatherViewController.swift in Sources */ = {isa = PBXBuildFile; fileRef = CEC20D092696DA9D00A23D31 /* WeatherViewController.swift */; };
		CEC20D0F2696DAA200A23D31 /* Assets.xcassets in Resources */ = {isa = PBXBuildFile; fileRef = CEC20D0E2696DAA200A23D31 /* Assets.xcassets */; };
		CEC20D122696DAA200A23D31 /* LaunchScreen.storyboard in Resources */ = {isa = PBXBuildFile; fileRef = CEC20D102696DAA200A23D31 /* LaunchScreen.storyboard */; };
		CEC20D1A2696E13800A23D31 /* WeatherPageViewController.swift in Sources */ = {isa = PBXBuildFile; fileRef = CEC20D192696E13800A23D31 /* WeatherPageViewController.swift */; };
		CEC20D1C2696EC7A00A23D31 /* WeatherModel.swift in Sources */ = {isa = PBXBuildFile; fileRef = CEC20D1B2696EC7A00A23D31 /* WeatherModel.swift */; };
		CEC20D212696F1DC00A23D31 /* HeaderView.swift in Sources */ = {isa = PBXBuildFile; fileRef = CEC20D202696F1DC00A23D31 /* HeaderView.swift */; };
		CEC20D242697337D00A23D31 /* HourWeatherCell.swift in Sources */ = {isa = PBXBuildFile; fileRef = CEC20D232697337D00A23D31 /* HourWeatherCell.swift */; };
		CEC20D262697438A00A23D31 /* DayWeatherCell.swift in Sources */ = {isa = PBXBuildFile; fileRef = CEC20D252697438900A23D31 /* DayWeatherCell.swift */; };
		CEC20D2826986F7000A23D31 /* WeatherManager.swift in Sources */ = {isa = PBXBuildFile; fileRef = CEC20D2726986F7000A23D31 /* WeatherManager.swift */; };
		CEC20D2A2698759400A23D31 /* WeatherData.swift in Sources */ = {isa = PBXBuildFile; fileRef = CEC20D292698759400A23D31 /* WeatherData.swift */; };
/* End PBXBuildFile section */

/* Begin PBXFileReference section */
		2B9ABB7326982D5D00891B0C /* WeatherInfoType.swift */ = {isa = PBXFileReference; lastKnownFileType = sourcecode.swift; path = WeatherInfoType.swift; sourceTree = "<group>"; };
		2B9ABB7526982E7100891B0C /* WeatherSummaryCell.swift */ = {isa = PBXFileReference; lastKnownFileType = sourcecode.swift; path = WeatherSummaryCell.swift; sourceTree = "<group>"; };
		2B9ABB7726982E7E00891B0C /* WeatherInfoCell.swift */ = {isa = PBXFileReference; lastKnownFileType = sourcecode.swift; path = WeatherInfoCell.swift; sourceTree = "<group>"; };
		CEC20D022696DA9D00A23D31 /* iOsWeatherApp.app */ = {isa = PBXFileReference; explicitFileType = wrapper.application; includeInIndex = 0; path = iOsWeatherApp.app; sourceTree = BUILT_PRODUCTS_DIR; };
		CEC20D052696DA9D00A23D31 /* AppDelegate.swift */ = {isa = PBXFileReference; lastKnownFileType = sourcecode.swift; path = AppDelegate.swift; sourceTree = "<group>"; };
		CEC20D072696DA9D00A23D31 /* SceneDelegate.swift */ = {isa = PBXFileReference; lastKnownFileType = sourcecode.swift; path = SceneDelegate.swift; sourceTree = "<group>"; };
		CEC20D092696DA9D00A23D31 /* WeatherViewController.swift */ = {isa = PBXFileReference; lastKnownFileType = sourcecode.swift; path = WeatherViewController.swift; sourceTree = "<group>"; };
		CEC20D0E2696DAA200A23D31 /* Assets.xcassets */ = {isa = PBXFileReference; lastKnownFileType = folder.assetcatalog; path = Assets.xcassets; sourceTree = "<group>"; };
		CEC20D112696DAA200A23D31 /* Base */ = {isa = PBXFileReference; lastKnownFileType = file.storyboard; name = Base; path = Base.lproj/LaunchScreen.storyboard; sourceTree = "<group>"; };
		CEC20D132696DAA200A23D31 /* Info.plist */ = {isa = PBXFileReference; lastKnownFileType = text.plist.xml; path = Info.plist; sourceTree = "<group>"; };
		CEC20D192696E13800A23D31 /* WeatherPageViewController.swift */ = {isa = PBXFileReference; lastKnownFileType = sourcecode.swift; path = WeatherPageViewController.swift; sourceTree = "<group>"; };
		CEC20D1B2696EC7A00A23D31 /* WeatherModel.swift */ = {isa = PBXFileReference; lastKnownFileType = sourcecode.swift; path = WeatherModel.swift; sourceTree = "<group>"; };
		CEC20D202696F1DC00A23D31 /* HeaderView.swift */ = {isa = PBXFileReference; lastKnownFileType = sourcecode.swift; path = HeaderView.swift; sourceTree = "<group>"; };
		CEC20D232697337D00A23D31 /* HourWeatherCell.swift */ = {isa = PBXFileReference; lastKnownFileType = sourcecode.swift; path = HourWeatherCell.swift; sourceTree = "<group>"; };
		CEC20D252697438900A23D31 /* DayWeatherCell.swift */ = {isa = PBXFileReference; lastKnownFileType = sourcecode.swift; path = DayWeatherCell.swift; sourceTree = "<group>"; };
		CEC20D2726986F7000A23D31 /* WeatherManager.swift */ = {isa = PBXFileReference; lastKnownFileType = sourcecode.swift; path = WeatherManager.swift; sourceTree = "<group>"; };
		CEC20D292698759400A23D31 /* WeatherData.swift */ = {isa = PBXFileReference; lastKnownFileType = sourcecode.swift; path = WeatherData.swift; sourceTree = "<group>"; };
/* End PBXFileReference section */

/* Begin PBXFrameworksBuildPhase section */
		CEC20CFF2696DA9D00A23D31 /* Frameworks */ = {
			isa = PBXFrameworksBuildPhase;
			buildActionMask = 2147483647;
			files = (
			);
			runOnlyForDeploymentPostprocessing = 0;
		};
/* End PBXFrameworksBuildPhase section */

/* Begin PBXGroup section */
		2B9ABB79269834DF00891B0C /* App */ = {
			isa = PBXGroup;
			children = (
				CEC20D052696DA9D00A23D31 /* AppDelegate.swift */,
				CEC20D072696DA9D00A23D31 /* SceneDelegate.swift */,
			);
			path = App;
			sourceTree = "<group>";
		};
		2B9ABB7A269834E800891B0C /* Presentation */ = {
			isa = PBXGroup;
			children = (
				CEC20D222697334400A23D31 /* CustomCells */,
				CEC20D192696E13800A23D31 /* WeatherPageViewController.swift */,
				CEC20D092696DA9D00A23D31 /* WeatherViewController.swift */,
			);
			path = Presentation;
			sourceTree = "<group>";
		};
		2B9ABB7B269834FE00891B0C /* Data */ = {
			isa = PBXGroup;
			children = (
				2B9ABB7C2698350400891B0C /* Entities */,
				CEC20D2726986F7000A23D31 /* WeatherManager.swift */,
			);
			path = Data;
			sourceTree = "<group>";
		};
		2B9ABB7C2698350400891B0C /* Entities */ = {
			isa = PBXGroup;
			children = (
				2B9ABB7326982D5D00891B0C /* WeatherInfoType.swift */,
				CEC20D1B2696EC7A00A23D31 /* WeatherModel.swift */,
				CEC20D292698759400A23D31 /* WeatherData.swift */,
			);
			path = Entities;
			sourceTree = "<group>";
		};
		2B9ABB7D2698351A00891B0C /* Resources */ = {
			isa = PBXGroup;
			children = (
				CEC20D0E2696DAA200A23D31 /* Assets.xcassets */,
				CEC20D102696DAA200A23D31 /* LaunchScreen.storyboard */,
				CEC20D132696DAA200A23D31 /* Info.plist */,
			);
			path = Resources;
			sourceTree = "<group>";
		};
		CEC20CF92696DA9D00A23D31 = {
			isa = PBXGroup;
			children = (
				CEC20D042696DA9D00A23D31 /* iOsWeatherApp */,
				CEC20D032696DA9D00A23D31 /* Products */,
			);
			sourceTree = "<group>";
		};
		CEC20D032696DA9D00A23D31 /* Products */ = {
			isa = PBXGroup;
			children = (
				CEC20D022696DA9D00A23D31 /* iOsWeatherApp.app */,
			);
			name = Products;
			sourceTree = "<group>";
		};
		CEC20D042696DA9D00A23D31 /* iOsWeatherApp */ = {
			isa = PBXGroup;
			children = (
				2B9ABB7D2698351A00891B0C /* Resources */,
				2B9ABB7B269834FE00891B0C /* Data */,
				2B9ABB79269834DF00891B0C /* App */,
				2B9ABB7A269834E800891B0C /* Presentation */,
			);
			path = iOsWeatherApp;
			sourceTree = "<group>";
		};
		CEC20D1D2696F0CB00A23D31 /* WeatherSubViews */ = {
			isa = PBXGroup;
			children = (
				CEC20D202696F1DC00A23D31 /* HeaderView.swift */,
			);
			path = WeatherSubViews;
			sourceTree = "<group>";
		};
		CEC20D222697334400A23D31 /* CustomCells */ = {
			isa = PBXGroup;
			children = (
				CEC20D1D2696F0CB00A23D31 /* WeatherSubViews */,
				CEC20D232697337D00A23D31 /* HourWeatherCell.swift */,
				CEC20D252697438900A23D31 /* DayWeatherCell.swift */,
				2B9ABB7526982E7100891B0C /* WeatherSummaryCell.swift */,
				2B9ABB7726982E7E00891B0C /* WeatherInfoCell.swift */,
			);
			path = CustomCells;
			sourceTree = "<group>";
		};
/* End PBXGroup section */

/* Begin PBXNativeTarget section */
		CEC20D012696DA9D00A23D31 /* iOsWeatherApp */ = {
			isa = PBXNativeTarget;
			buildConfigurationList = CEC20D162696DAA200A23D31 /* Build configuration list for PBXNativeTarget "iOsWeatherApp" */;
			buildPhases = (
				CEC20CFE2696DA9D00A23D31 /* Sources */,
				CEC20CFF2696DA9D00A23D31 /* Frameworks */,
				CEC20D002696DA9D00A23D31 /* Resources */,
			);
			buildRules = (
			);
			dependencies = (
			);
			name = iOsWeatherApp;
			productName = iOsWeatherApp;
			productReference = CEC20D022696DA9D00A23D31 /* iOsWeatherApp.app */;
			productType = "com.apple.product-type.application";
		};
/* End PBXNativeTarget section */

/* Begin PBXProject section */
		CEC20CFA2696DA9D00A23D31 /* Project object */ = {
			isa = PBXProject;
			attributes = {
				LastSwiftUpdateCheck = 1250;
				LastUpgradeCheck = 1250;
				TargetAttributes = {
					CEC20D012696DA9D00A23D31 = {
						CreatedOnToolsVersion = 12.5.1;
					};
				};
			};
			buildConfigurationList = CEC20CFD2696DA9D00A23D31 /* Build configuration list for PBXProject "iOsWeatherApp" */;
			compatibilityVersion = "Xcode 9.3";
			developmentRegion = en;
			hasScannedForEncodings = 0;
			knownRegions = (
				en,
				Base,
			);
			mainGroup = CEC20CF92696DA9D00A23D31;
			productRefGroup = CEC20D032696DA9D00A23D31 /* Products */;
			projectDirPath = "";
			projectRoot = "";
			targets = (
				CEC20D012696DA9D00A23D31 /* iOsWeatherApp */,
			);
		};
/* End PBXProject section */

/* Begin PBXResourcesBuildPhase section */
		CEC20D002696DA9D00A23D31 /* Resources */ = {
			isa = PBXResourcesBuildPhase;
			buildActionMask = 2147483647;
			files = (
				CEC20D122696DAA200A23D31 /* LaunchScreen.storyboard in Resources */,
				CEC20D0F2696DAA200A23D31 /* Assets.xcassets in Resources */,
			);
			runOnlyForDeploymentPostprocessing = 0;
		};
/* End PBXResourcesBuildPhase section */

/* Begin PBXSourcesBuildPhase section */
		CEC20CFE2696DA9D00A23D31 /* Sources */ = {
			isa = PBXSourcesBuildPhase;
			buildActionMask = 2147483647;
			files = (
				CEC20D242697337D00A23D31 /* HourWeatherCell.swift in Sources */,
				2B9ABB7826982E7E00891B0C /* WeatherInfoCell.swift in Sources */,
				CEC20D0A2696DA9D00A23D31 /* WeatherViewController.swift in Sources */,
				CEC20D212696F1DC00A23D31 /* HeaderView.swift in Sources */,
				CEC20D1C2696EC7A00A23D31 /* WeatherModel.swift in Sources */,
				CEC20D062696DA9D00A23D31 /* AppDelegate.swift in Sources */,
				CEC20D2826986F7000A23D31 /* WeatherManager.swift in Sources */,
				CEC20D262697438A00A23D31 /* DayWeatherCell.swift in Sources */,
				CEC20D1A2696E13800A23D31 /* WeatherPageViewController.swift in Sources */,
				2B9ABB7626982E7100891B0C /* WeatherSummaryCell.swift in Sources */,
				CEC20D082696DA9D00A23D31 /* SceneDelegate.swift in Sources */,
				2B9ABB7426982D5D00891B0C /* WeatherInfoType.swift in Sources */,
				CEC20D2A2698759400A23D31 /* WeatherData.swift in Sources */,
			);
			runOnlyForDeploymentPostprocessing = 0;
		};
/* End PBXSourcesBuildPhase section */

/* Begin PBXVariantGroup section */
		CEC20D102696DAA200A23D31 /* LaunchScreen.storyboard */ = {
			isa = PBXVariantGroup;
			children = (
				CEC20D112696DAA200A23D31 /* Base */,
			);
			name = LaunchScreen.storyboard;
			sourceTree = "<group>";
		};
/* End PBXVariantGroup section */

/* Begin XCBuildConfiguration section */
		CEC20D142696DAA200A23D31 /* Debug */ = {
			isa = XCBuildConfiguration;
			buildSettings = {
				ALWAYS_SEARCH_USER_PATHS = NO;
				CLANG_ANALYZER_NONNULL = YES;
				CLANG_ANALYZER_NUMBER_OBJECT_CONVERSION = YES_AGGRESSIVE;
				CLANG_CXX_LANGUAGE_STANDARD = "gnu++14";
				CLANG_CXX_LIBRARY = "libc++";
				CLANG_ENABLE_MODULES = YES;
				CLANG_ENABLE_OBJC_ARC = YES;
				CLANG_ENABLE_OBJC_WEAK = YES;
				CLANG_WARN_BLOCK_CAPTURE_AUTORELEASING = YES;
				CLANG_WARN_BOOL_CONVERSION = YES;
				CLANG_WARN_COMMA = YES;
				CLANG_WARN_CONSTANT_CONVERSION = YES;
				CLANG_WARN_DEPRECATED_OBJC_IMPLEMENTATIONS = YES;
				CLANG_WARN_DIRECT_OBJC_ISA_USAGE = YES_ERROR;
				CLANG_WARN_DOCUMENTATION_COMMENTS = YES;
				CLANG_WARN_EMPTY_BODY = YES;
				CLANG_WARN_ENUM_CONVERSION = YES;
				CLANG_WARN_INFINITE_RECURSION = YES;
				CLANG_WARN_INT_CONVERSION = YES;
				CLANG_WARN_NON_LITERAL_NULL_CONVERSION = YES;
				CLANG_WARN_OBJC_IMPLICIT_RETAIN_SELF = YES;
				CLANG_WARN_OBJC_LITERAL_CONVERSION = YES;
				CLANG_WARN_OBJC_ROOT_CLASS = YES_ERROR;
				CLANG_WARN_QUOTED_INCLUDE_IN_FRAMEWORK_HEADER = YES;
				CLANG_WARN_RANGE_LOOP_ANALYSIS = YES;
				CLANG_WARN_STRICT_PROTOTYPES = YES;
				CLANG_WARN_SUSPICIOUS_MOVE = YES;
				CLANG_WARN_UNGUARDED_AVAILABILITY = YES_AGGRESSIVE;
				CLANG_WARN_UNREACHABLE_CODE = YES;
				CLANG_WARN__DUPLICATE_METHOD_MATCH = YES;
				COPY_PHASE_STRIP = NO;
				DEBUG_INFORMATION_FORMAT = dwarf;
				ENABLE_STRICT_OBJC_MSGSEND = YES;
				ENABLE_TESTABILITY = YES;
				GCC_C_LANGUAGE_STANDARD = gnu11;
				GCC_DYNAMIC_NO_PIC = NO;
				GCC_NO_COMMON_BLOCKS = YES;
				GCC_OPTIMIZATION_LEVEL = 0;
				GCC_PREPROCESSOR_DEFINITIONS = (
					"DEBUG=1",
					"$(inherited)",
				);
				GCC_WARN_64_TO_32_BIT_CONVERSION = YES;
				GCC_WARN_ABOUT_RETURN_TYPE = YES_ERROR;
				GCC_WARN_UNDECLARED_SELECTOR = YES;
				GCC_WARN_UNINITIALIZED_AUTOS = YES_AGGRESSIVE;
				GCC_WARN_UNUSED_FUNCTION = YES;
				GCC_WARN_UNUSED_VARIABLE = YES;
				IPHONEOS_DEPLOYMENT_TARGET = 14.5;
				MTL_ENABLE_DEBUG_INFO = INCLUDE_SOURCE;
				MTL_FAST_MATH = YES;
				ONLY_ACTIVE_ARCH = YES;
				SDKROOT = iphoneos;
				SWIFT_ACTIVE_COMPILATION_CONDITIONS = DEBUG;
				SWIFT_OPTIMIZATION_LEVEL = "-Onone";
			};
			name = Debug;
		};
		CEC20D152696DAA200A23D31 /* Release */ = {
			isa = XCBuildConfiguration;
			buildSettings = {
				ALWAYS_SEARCH_USER_PATHS = NO;
				CLANG_ANALYZER_NONNULL = YES;
				CLANG_ANALYZER_NUMBER_OBJECT_CONVERSION = YES_AGGRESSIVE;
				CLANG_CXX_LANGUAGE_STANDARD = "gnu++14";
				CLANG_CXX_LIBRARY = "libc++";
				CLANG_ENABLE_MODULES = YES;
				CLANG_ENABLE_OBJC_ARC = YES;
				CLANG_ENABLE_OBJC_WEAK = YES;
				CLANG_WARN_BLOCK_CAPTURE_AUTORELEASING = YES;
				CLANG_WARN_BOOL_CONVERSION = YES;
				CLANG_WARN_COMMA = YES;
				CLANG_WARN_CONSTANT_CONVERSION = YES;
				CLANG_WARN_DEPRECATED_OBJC_IMPLEMENTATIONS = YES;
				CLANG_WARN_DIRECT_OBJC_ISA_USAGE = YES_ERROR;
				CLANG_WARN_DOCUMENTATION_COMMENTS = YES;
				CLANG_WARN_EMPTY_BODY = YES;
				CLANG_WARN_ENUM_CONVERSION = YES;
				CLANG_WARN_INFINITE_RECURSION = YES;
				CLANG_WARN_INT_CONVERSION = YES;
				CLANG_WARN_NON_LITERAL_NULL_CONVERSION = YES;
				CLANG_WARN_OBJC_IMPLICIT_RETAIN_SELF = YES;
				CLANG_WARN_OBJC_LITERAL_CONVERSION = YES;
				CLANG_WARN_OBJC_ROOT_CLASS = YES_ERROR;
				CLANG_WARN_QUOTED_INCLUDE_IN_FRAMEWORK_HEADER = YES;
				CLANG_WARN_RANGE_LOOP_ANALYSIS = YES;
				CLANG_WARN_STRICT_PROTOTYPES = YES;
				CLANG_WARN_SUSPICIOUS_MOVE = YES;
				CLANG_WARN_UNGUARDED_AVAILABILITY = YES_AGGRESSIVE;
				CLANG_WARN_UNREACHABLE_CODE = YES;
				CLANG_WARN__DUPLICATE_METHOD_MATCH = YES;
				COPY_PHASE_STRIP = NO;
				DEBUG_INFORMATION_FORMAT = "dwarf-with-dsym";
				ENABLE_NS_ASSERTIONS = NO;
				ENABLE_STRICT_OBJC_MSGSEND = YES;
				GCC_C_LANGUAGE_STANDARD = gnu11;
				GCC_NO_COMMON_BLOCKS = YES;
				GCC_WARN_64_TO_32_BIT_CONVERSION = YES;
				GCC_WARN_ABOUT_RETURN_TYPE = YES_ERROR;
				GCC_WARN_UNDECLARED_SELECTOR = YES;
				GCC_WARN_UNINITIALIZED_AUTOS = YES_AGGRESSIVE;
				GCC_WARN_UNUSED_FUNCTION = YES;
				GCC_WARN_UNUSED_VARIABLE = YES;
				IPHONEOS_DEPLOYMENT_TARGET = 14.5;
				MTL_ENABLE_DEBUG_INFO = NO;
				MTL_FAST_MATH = YES;
				SDKROOT = iphoneos;
				SWIFT_COMPILATION_MODE = wholemodule;
				SWIFT_OPTIMIZATION_LEVEL = "-O";
				VALIDATE_PRODUCT = YES;
			};
			name = Release;
		};
		CEC20D172696DAA200A23D31 /* Debug */ = {
			isa = XCBuildConfiguration;
			buildSettings = {
				ASSETCATALOG_COMPILER_APPICON_NAME = AppIcon;
				ASSETCATALOG_COMPILER_GLOBAL_ACCENT_COLOR_NAME = AccentColor;
				CODE_SIGN_STYLE = Automatic;
				INFOPLIST_FILE = iOsWeatherApp/Resources/Info.plist;
				LD_RUNPATH_SEARCH_PATHS = (
					"$(inherited)",
					"@executable_path/Frameworks",
				);
				PRODUCT_BUNDLE_IDENTIFIER = com.iOsWeatherApp;
				PRODUCT_NAME = "$(TARGET_NAME)";
				SWIFT_VERSION = 5.0;
				TARGETED_DEVICE_FAMILY = "1,2";
			};
			name = Debug;
		};
		CEC20D182696DAA200A23D31 /* Release */ = {
			isa = XCBuildConfiguration;
			buildSettings = {
				ASSETCATALOG_COMPILER_APPICON_NAME = AppIcon;
				ASSETCATALOG_COMPILER_GLOBAL_ACCENT_COLOR_NAME = AccentColor;
				CODE_SIGN_STYLE = Automatic;
				INFOPLIST_FILE = iOsWeatherApp/Resources/Info.plist;
				LD_RUNPATH_SEARCH_PATHS = (
					"$(inherited)",
					"@executable_path/Frameworks",
				);
				PRODUCT_BUNDLE_IDENTIFIER = com.iOsWeatherApp;
				PRODUCT_NAME = "$(TARGET_NAME)";
				SWIFT_VERSION = 5.0;
				TARGETED_DEVICE_FAMILY = "1,2";
			};
			name = Release;
		};
/* End XCBuildConfiguration section */

/* Begin XCConfigurationList section */
		CEC20CFD2696DA9D00A23D31 /* Build configuration list for PBXProject "iOsWeatherApp" */ = {
			isa = XCConfigurationList;
			buildConfigurations = (
				CEC20D142696DAA200A23D31 /* Debug */,
				CEC20D152696DAA200A23D31 /* Release */,
			);
			defaultConfigurationIsVisible = 0;
			defaultConfigurationName = Release;
		};
		CEC20D162696DAA200A23D31 /* Build configuration list for PBXNativeTarget "iOsWeatherApp" */ = {
			isa = XCConfigurationList;
			buildConfigurations = (
				CEC20D172696DAA200A23D31 /* Debug */,
				CEC20D182696DAA200A23D31 /* Release */,
			);
			defaultConfigurationIsVisible = 0;
			defaultConfigurationName = Release;
		};
/* End XCConfigurationList section */
	};
	rootObject = CEC20CFA2696DA9D00A23D31 /* Project object */;
}
